id: "9.2.2"
title: "Ensure 'Windows Firewall: Private: Inbound connections' is Block"
benchmark: "CIS Microsoft Windows 11 Standalone Benchmark"
benchmark_version: "v3.0.0"
level: 1
profile:
  - standalone
automated: true
severity: high
checks:
  - type: registry
    path: "HKLM:\\Software\\Policies\\Microsoft\\WindowsFirewall\\PrivateProfile"
    name: DefaultInboundAction
    expected: "1"
    op: equals
remediation: >
  Refer to CIS Benchmark section 9.2.2 for detailed remediation steps.
source: >
  Control ID 9.2.2, cross-referenced via ansible-lockdown/Windows-11-CIS (CIS Windows 11 benchmark v3.0.0). NOTE: current is v5.0.0; no direct PDF access. Registry VM-verified on Windows 11 Pro (192.168.64.4, build 26200) 2026-08-15.
